
Microsoft Visual Studio Solution File, Format Version 12.00
# Visual Studio Version 17
VisualStudioVersion = 17.10.35013.160
MinimumVisualStudioVersion = 10.0.40219.1
Project("{2150E333-8FDC-42A3-9474-1A3956D46DE8}") = "Services", "Services", "{A1821C8F-D1CF-4CCD-82E5-2942C84BA532}"
EndProject
Project("{2150E333-8FDC-42A3-9474-1A3956D46DE8}") = "Catalog", "Catalog", "{4245A6C5-0D8B-4373-A66E-713118D170BE}"
EndProject
Global
	GlobalSection(SolutionProperties) = preSolution
		HideSolutionNode = FALSE
	EndGlobalSection
	GlobalSection(NestedProjects) = preSolution
		{4245A6C5-0D8B-4373-A66E-713118D170BE} = {A1821C8F-D1CF-4CCD-82E5-2942C84BA532}
	EndGlobalSection
	GlobalSection(ExtensibilityGlobals) = postSolution
		SolutionGuid = {8DD82C37-4B3E-4043-A60E-9A22A04AFE0B}
	EndGlobalSection
EndGlobal
